
Microsoft Visual Studio Solution File, Format Version 12.00
# Visual Studio 15
VisualStudioVersion = 15.0.28307.572
MinimumVisualStudioVersion = 10.0.40219.1
Project("{778DAE3C-4631-46EA-AA77-85C1314464D9}") = "Variables_consola", "Variables_consola\Variables_consola.vbproj", "{52DD7B70-62FE-4421-9DFF-6C0E3832D590}"
EndProject
Project("{778DAE3C-4631-46EA-AA77-85C1314464D9}") = "Variables_tipos", "Variables_consola2\Variables_tipos.vbproj", "{5EAC1CEF-E7CA-49A8-A141-C749A8AAB440}"
EndProject
Project("{778DAE3C-4631-46EA-AA77-85C1314464D9}") = "Concatenacion", "Variable_consola3\Concatenacion.vbproj", "{DE9F6FD1-01E1-41BA-8A56-CD68E17054F2}"
EndProject
Project("{778DAE3C-4631-46EA-AA77-85C1314464D9}") = "Aritmética", "Aritmética\Aritmética.vbproj", "{785C8BAD-F509-48D8-BC00-23A8BA25FCEB}"
EndProject
Project("{778DAE3C-4631-46EA-AA77-85C1314464D9}") = "Formula", "Formula\Formula.vbproj", "{1C02AAB1-0909-411C-92EC-717664AD897A}"
EndProject
Project("{778DAE3C-4631-46EA-AA77-85C1314464D9}") = "suma_promedio", "suma_promedio\suma_promedio.vbproj", "{CB53CD29-BA15-461F-9757-0AEB623BEF7D}"
EndProject
Project("{778DAE3C-4631-46EA-AA77-85C1314464D9}") = "Equivalencia_dias", "Equivalencia_dias\Equivalencia_dias.vbproj", "{68C49569-3632-4AE9-B9C3-57998EC9BEE8}"
EndProject
Project("{F184B08F-C81C-45F6-A57F-5ABD9991F28F}") = "Tabla_Booleana", "Tabla_Booleana\Tabla_Booleana.vbproj", "{E07DC8E4-4E1F-47C0-8FAA-E3525AC6E84B}"
EndProject
Global
	GlobalSection(SolutionConfigurationPlatforms) = preSolution
		Debug|Any CPU = Debug|Any CPU
		Release|Any CPU = Release|Any CPU
	EndGlobalSection
	GlobalSection(ProjectConfigurationPlatforms) = postSolution
		{52DD7B70-62FE-4421-9DFF-6C0E3832D590}.Debug|Any CPU.ActiveCfg = Debug|Any CPU
		{52DD7B70-62FE-4421-9DFF-6C0E3832D590}.Debug|Any CPU.Build.0 = Debug|Any CPU
		{52DD7B70-62FE-4421-9DFF-6C0E3832D590}.Release|Any CPU.ActiveCfg = Release|Any CPU
		{52DD7B70-62FE-4421-9DFF-6C0E3832D590}.Release|Any CPU.Build.0 = Release|Any CPU
		{5EAC1CEF-E7CA-49A8-A141-C749A8AAB440}.Debug|Any CPU.ActiveCfg = Debug|Any CPU
		{5EAC1CEF-E7CA-49A8-A141-C749A8AAB440}.Debug|Any CPU.Build.0 = Debug|Any CPU
		{5EAC1CEF-E7CA-49A8-A141-C749A8AAB440}.Release|Any CPU.ActiveCfg = Release|Any CPU
		{5EAC1CEF-E7CA-49A8-A141-C749A8AAB440}.Release|Any CPU.Build.0 = Release|Any CPU
		{DE9F6FD1-01E1-41BA-8A56-CD68E17054F2}.Debug|Any CPU.ActiveCfg = Debug|Any CPU
		{DE9F6FD1-01E1-41BA-8A56-CD68E17054F2}.Debug|Any CPU.Build.0 = Debug|Any CPU
		{DE9F6FD1-01E1-41BA-8A56-CD68E17054F2}.Release|Any CPU.ActiveCfg = Release|Any CPU
		{DE9F6FD1-01E1-41BA-8A56-CD68E17054F2}.Release|Any CPU.Build.0 = Release|Any CPU
		{785C8BAD-F509-48D8-BC00-23A8BA25FCEB}.Debug|Any CPU.ActiveCfg = Debug|Any CPU
		{785C8BAD-F509-48D8-BC00-23A8BA25FCEB}.Debug|Any CPU.Build.0 = Debug|Any CPU
		{785C8BAD-F509-48D8-BC00-23A8BA25FCEB}.Release|Any CPU.ActiveCfg = Release|Any CPU
		{785C8BAD-F509-48D8-BC00-23A8BA25FCEB}.Release|Any CPU.Build.0 = Release|Any CPU
		{1C02AAB1-0909-411C-92EC-717664AD897A}.Debug|Any CPU.ActiveCfg = Debug|Any CPU
		{1C02AAB1-0909-411C-92EC-717664AD897A}.Debug|Any CPU.Build.0 = Debug|Any CPU
		{1C02AAB1-0909-411C-92EC-717664AD897A}.Release|Any CPU.ActiveCfg = Release|Any CPU
		{1C02AAB1-0909-411C-92EC-717664AD897A}.Release|Any CPU.Build.0 = Release|Any CPU
		{CB53CD29-BA15-461F-9757-0AEB623BEF7D}.Debug|Any CPU.ActiveCfg = Debug|Any CPU
		{CB53CD29-BA15-461F-9757-0AEB623BEF7D}.Debug|Any CPU.Build.0 = Debug|Any CPU
		{CB53CD29-BA15-461F-9757-0AEB623BEF7D}.Release|Any CPU.ActiveCfg = Release|Any CPU
		{CB53CD29-BA15-461F-9757-0AEB623BEF7D}.Release|Any CPU.Build.0 = Release|Any CPU
		{68C49569-3632-4AE9-B9C3-57998EC9BEE8}.Debug|Any CPU.ActiveCfg = Debug|Any CPU
		{68C49569-3632-4AE9-B9C3-57998EC9BEE8}.Debug|Any CPU.Build.0 = Debug|Any CPU
		{68C49569-3632-4AE9-B9C3-57998EC9BEE8}.Release|Any CPU.ActiveCfg = Release|Any CPU
		{68C49569-3632-4AE9-B9C3-57998EC9BEE8}.Release|Any CPU.Build.0 = Release|Any CPU
		{E07DC8E4-4E1F-47C0-8FAA-E3525AC6E84B}.Debug|Any CPU.ActiveCfg = Debug|Any CPU
		{E07DC8E4-4E1F-47C0-8FAA-E3525AC6E84B}.Debug|Any CPU.Build.0 = Debug|Any CPU
		{E07DC8E4-4E1F-47C0-8FAA-E3525AC6E84B}.Release|Any CPU.ActiveCfg = Release|Any CPU
		{E07DC8E4-4E1F-47C0-8FAA-E3525AC6E84B}.Release|Any CPU.Build.0 = Release|Any CPU
	EndGlobalSection
	GlobalSection(SolutionProperties) = preSolution
		HideSolutionNode = FALSE
	EndGlobalSection
	GlobalSection(ExtensibilityGlobals) = postSolution
		SolutionGuid = {7014D735-6A77-4139-80D1-5D37093742E8}
	EndGlobalSection
EndGlobal
